
Microsoft Visual Studio Solution File, Format Version 12.00
# Visual Studio Version 17
VisualStudioVersion = 17.4.33213.308
MinimumVisualStudioVersion = 10.0.40219.1
Project("{FAE04EC0-301F-11D3-BF4B-00C04F79EFBC}") = "Pizza", "Pizza.csproj", "{35990E49-02DE-42D7-B068-518CAE7CBE75}"
EndProject
Global
	GlobalSection(SolutionConfigurationPlatforms) = preSolution
		Debug|Any CPU = Debug|Any CPU
		Release|Any CPU = Release|Any CPU
	EndGlobalSection
	GlobalSection(ProjectConfigurationPlatforms) = postSolution
		{35990E49-02DE-42D7-B068-518CAE7CBE75}.Debug|Any CPU.ActiveCfg = Debug|Any CPU
		{35990E49-02DE-42D7-B068-518CAE7CBE75}.Debug|Any CPU.Build.0 = Debug|Any CPU
		{35990E49-02DE-42D7-B068-518CAE7CBE75}.Release|Any CPU.ActiveCfg = Release|Any CPU
		{35990E49-02DE-42D7-B068-518CAE7CBE75}.Release|Any CPU.Build.0 = Release|Any CPU
	EndGlobalSection
	GlobalSection(SolutionProperties) = preSolution
		HideSolutionNode = FALSE
	EndGlobalSection
	GlobalSection(ExtensibilityGlobals) = postSolution
		SolutionGuid = {F46957E9-29D1-416A-A430-22473E4B0FBE}
	EndGlobalSection
EndGlobal
